
Microsoft Visual Studio Solution File, Format Version 12.00
# Visual Studio 15
VisualStudioVersion = 15.0.27703.2042
MinimumVisualStudioVersion = 10.0.40219.1
Project("{9A19103F-16F7-4668-BE54-9A1E7A4F7556}") = "GingerPluginCoreTest", "GingerPluginCoreTest\GingerPluginCoreTest.csproj", "{E9BEC6CC-C594-44FE-BC23-5D3B026E465A}"
EndProject
Project("{9A19103F-16F7-4668-BE54-9A1E7A4F7556}") = "PluginExample2", "PluginExample2\PluginExample2.csproj", "{0DBAF513-4126-4EF0-A4DB-D94D43F98396}"
EndProject
Project("{9A19103F-16F7-4668-BE54-9A1E7A4F7556}") = "PluginExample1", "PluginExample1\PluginExample1.csproj", "{18E73555-283E-45E1-BBD9-5AFDA4DCFC3E}"
EndProject
Project("{9A19103F-16F7-4668-BE54-9A1E7A4F7556}") = "PluginExample1Test", "PluginExample1Test\PluginExample1Test.csproj", "{E9F07CFF-CD0F-410B-B793-18EAAC760FC6}"
EndProject
Project("{9A19103F-16F7-4668-BE54-9A1E7A4F7556}") = "PluginExample3", "PluginExample3\PluginExample3.csproj", "{D3EC9216-236D-421F-946C-04F8612BF137}"
EndProject
Project("{9A19103F-16F7-4668-BE54-9A1E7A4F7556}") = "PluginDriverExample4", "PluginDriverExample4\PluginDriverExample4.csproj", "{B009D043-FDFB-4E46-A6F2-24FBAA2A4522}"
EndProject
Global
	GlobalSection(SolutionConfigurationPlatforms) = preSolution
		Debug|Any CPU = Debug|Any CPU
		Release|Any CPU = Release|Any CPU
	EndGlobalSection
	GlobalSection(ProjectConfigurationPlatforms) = postSolution
		{E9BEC6CC-C594-44FE-BC23-5D3B026E465A}.Debug|Any CPU.ActiveCfg = Debug|Any CPU
		{E9BEC6CC-C594-44FE-BC23-5D3B026E465A}.Debug|Any CPU.Build.0 = Debug|Any CPU
		{E9BEC6CC-C594-44FE-BC23-5D3B026E465A}.Release|Any CPU.ActiveCfg = Release|Any CPU
		{E9BEC6CC-C594-44FE-BC23-5D3B026E465A}.Release|Any CPU.Build.0 = Release|Any CPU
		{0DBAF513-4126-4EF0-A4DB-D94D43F98396}.Debug|Any CPU.ActiveCfg = Debug|Any CPU
		{0DBAF513-4126-4EF0-A4DB-D94D43F98396}.Debug|Any CPU.Build.0 = Debug|Any CPU
		{0DBAF513-4126-4EF0-A4DB-D94D43F98396}.Release|Any CPU.ActiveCfg = Release|Any CPU
		{0DBAF513-4126-4EF0-A4DB-D94D43F98396}.Release|Any CPU.Build.0 = Release|Any CPU
		{18E73555-283E-45E1-BBD9-5AFDA4DCFC3E}.Debug|Any CPU.ActiveCfg = Debug|Any CPU
		{18E73555-283E-45E1-BBD9-5AFDA4DCFC3E}.Debug|Any CPU.Build.0 = Debug|Any CPU
		{18E73555-283E-45E1-BBD9-5AFDA4DCFC3E}.Release|Any CPU.ActiveCfg = Release|Any CPU
		{18E73555-283E-45E1-BBD9-5AFDA4DCFC3E}.Release|Any CPU.Build.0 = Release|Any CPU
		{E9F07CFF-CD0F-410B-B793-18EAAC760FC6}.Debug|Any CPU.ActiveCfg = Debug|Any CPU
		{E9F07CFF-CD0F-410B-B793-18EAAC760FC6}.Debug|Any CPU.Build.0 = Debug|Any CPU
		{E9F07CFF-CD0F-410B-B793-18EAAC760FC6}.Release|Any CPU.ActiveCfg = Release|Any CPU
		{E9F07CFF-CD0F-410B-B793-18EAAC760FC6}.Release|Any CPU.Build.0 = Release|Any CPU
		{D3EC9216-236D-421F-946C-04F8612BF137}.Debug|Any CPU.ActiveCfg = Debug|Any CPU
		{D3EC9216-236D-421F-946C-04F8612BF137}.Debug|Any CPU.Build.0 = Debug|Any CPU
		{D3EC9216-236D-421F-946C-04F8612BF137}.Release|Any CPU.ActiveCfg = Release|Any CPU
		{D3EC9216-236D-421F-946C-04F8612BF137}.Release|Any CPU.Build.0 = Release|Any CPU
		{B009D043-FDFB-4E46-A6F2-24FBAA2A4522}.Debug|Any CPU.ActiveCfg = Debug|Any CPU
		{B009D043-FDFB-4E46-A6F2-24FBAA2A4522}.Debug|Any CPU.Build.0 = Debug|Any CPU
		{B009D043-FDFB-4E46-A6F2-24FBAA2A4522}.Release|Any CPU.ActiveCfg = Release|Any CPU
		{B009D043-FDFB-4E46-A6F2-24FBAA2A4522}.Release|Any CPU.Build.0 = Release|Any CPU
	EndGlobalSection
	GlobalSection(SolutionProperties) = preSolution
		HideSolutionNode = FALSE
	EndGlobalSection
	GlobalSection(ExtensibilityGlobals) = postSolution
		SolutionGuid = {0298B489-052B-4B6A-A4DC-6930FC3A049C}
	EndGlobalSection
EndGlobal
